{
    "name": "node-red-project",
    "version": "0.0.1",
    "lockfileVersion": 2,
    "requires": true,
    "packages": {
        "": {
            "name": "node-red-project",
            "version": "0.0.1",
            "dependencies": {
                "@wz2b/node-red-influxdb-line-protocol": "~0.2.0"
            }
        },
        "node_modules/@wz2b/node-red-influxdb-line-protocol": {
            "version": "0.2.0",
            "resolved": "https://registry.npmjs.org/@wz2b/node-red-influxdb-line-protocol/-/node-red-influxdb-line-protocol-0.2.0.tgz",
            "integrity": "sha512-8pzk2NAwo272dVAN2VF2wY1qlbzhR7D4Zq2UHmyxvJI4kPV9cXcnlQiEyayFAhoLgxgaU3+qLwhBG0tY9ab/Yw==",
            "dependencies": {
                "node-red-contrib-influxdb-line-protocol": "file:"
            }
        },
        "node_modules/node-red-contrib-influxdb-line-protocol": {
            "resolved": "node_modules/@wz2b/node-red-influxdb-line-protocol",
            "link": true
        }
    },
    "dependencies": {
        "@wz2b/node-red-influxdb-line-protocol": {
            "version": "0.2.0",
            "resolved": "https://registry.npmjs.org/@wz2b/node-red-influxdb-line-protocol/-/node-red-influxdb-line-protocol-0.2.0.tgz",
            "integrity": "sha512-8pzk2NAwo272dVAN2VF2wY1qlbzhR7D4Zq2UHmyxvJI4kPV9cXcnlQiEyayFAhoLgxgaU3+qLwhBG0tY9ab/Yw==",
            "requires": {
                "node-red-contrib-influxdb-line-protocol": "file:"
            }
        },
        "node-red-contrib-influxdb-line-protocol": {
            "version": "file:node_modules/@wz2b/node-red-influxdb-line-protocol",
            "integrity": "sha512-8pzk2NAwo272dVAN2VF2wY1qlbzhR7D4Zq2UHmyxvJI4kPV9cXcnlQiEyayFAhoLgxgaU3+qLwhBG0tY9ab/Yw==",
            "requires": {
                "node-red-contrib-influxdb-line-protocol": "file:"
            }
        }
    }
}
